// !$*UTF8*$!
{
	archiveVersion = 1;
	classes = {
	};
	objectVersion = 56;
	objects = {

/* Begin PBXBuildFile section */
		68E96CAC2C021BEA001D20E4 /* AppDelegate.swift in Sources */ = {isa = PBXBuildFile; fileRef = 68E96CAB2C021BEA001D20E4 /* AppDelegate.swift */; };
		68E96CAE2C021BEA001D20E4 /* SceneDelegate.swift in Sources */ = {isa = PBXBuildFile; fileRef = 68E96CAD2C021BEA001D20E4 /* SceneDelegate.swift */; };
		68E96CB32C021BEA001D20E4 /* Main.storyboard in Resources */ = {isa = PBXBuildFile; fileRef = 68E96CB12C021BEA001D20E4 /* Main.storyboard */; };
		68E96CB52C021BED001D20E4 /* Assets.xcassets in Resources */ = {isa = PBXBuildFile; fileRef = 68E96CB42C021BED001D20E4 /* Assets.xcassets */; };
		68E96CB82C021BED001D20E4 /* LaunchScreen.storyboard in Resources */ = {isa = PBXBuildFile; fileRef = 68E96CB62C021BED001D20E4 /* LaunchScreen.storyboard */; };
		68E96CC32C021BED001D20E4 /* AnupapPiyaapinant_CodingExamTests.swift in Sources */ = {isa = PBXBuildFile; fileRef = 68E96CC22C021BED001D20E4 /* AnupapPiyaapinant_CodingExamTests.swift */; };
		68E96CE12C021E41001D20E4 /* BaseServiceModel.swift in Sources */ = {isa = PBXBuildFile; fileRef = 68E96CE02C021E41001D20E4 /* BaseServiceModel.swift */; };
		68E96CE32C021E54001D20E4 /* LoginServiceModel.swift in Sources */ = {isa = PBXBuildFile; fileRef = 68E96CE22C021E54001D20E4 /* LoginServiceModel.swift */; };
		68E96CE52C021E6B001D20E4 /* LoginService.swift in Sources */ = {isa = PBXBuildFile; fileRef = 68E96CE42C021E6B001D20E4 /* LoginService.swift */; };
		68E96CE92C021E95001D20E4 /* LoginViewModel.swift in Sources */ = {isa = PBXBuildFile; fileRef = 68E96CE82C021E95001D20E4 /* LoginViewModel.swift */; };
		68E96CEB2C021EB0001D20E4 /* LoginModel.swift in Sources */ = {isa = PBXBuildFile; fileRef = 68E96CEA2C021EB0001D20E4 /* LoginModel.swift */; };
		68E96CED2C021EBF001D20E4 /* LoginViewController.swift in Sources */ = {isa = PBXBuildFile; fileRef = 68E96CEC2C021EBF001D20E4 /* LoginViewController.swift */; };
		68E96CEF2C02216A001D20E4 /* LoginModel.swift in Sources */ = {isa = PBXBuildFile; fileRef = 68E96CEA2C021EB0001D20E4 /* LoginModel.swift */; };
		68E96CF02C02216A001D20E4 /* LoginViewModel.swift in Sources */ = {isa = PBXBuildFile; fileRef = 68E96CE82C021E95001D20E4 /* LoginViewModel.swift */; };
		68E96CF12C02216A001D20E4 /* LoginService.swift in Sources */ = {isa = PBXBuildFile; fileRef = 68E96CE42C021E6B001D20E4 /* LoginService.swift */; };
		68E96CF32C02216A001D20E4 /* LoginServiceModel.swift in Sources */ = {isa = PBXBuildFile; fileRef = 68E96CE22C021E54001D20E4 /* LoginServiceModel.swift */; };
		68E96CF42C02216A001D20E4 /* BaseServiceModel.swift in Sources */ = {isa = PBXBuildFile; fileRef = 68E96CE02C021E41001D20E4 /* BaseServiceModel.swift */; };
		68E96CF62C022172001D20E4 /* MainViewController.swift in Sources */ = {isa = PBXBuildFile; fileRef = 68E96CE62C021E80001D20E4 /* MainViewController.swift */; };
/* End PBXBuildFile section */

/* Begin PBXContainerItemProxy section */
		68E96CBF2C021BED001D20E4 /* PBXContainerItemProxy */ = {
			isa = PBXContainerItemProxy;
			containerPortal = 68E96CA02C021BEA001D20E4 /* Project object */;
			proxyType = 1;
			remoteGlobalIDString = 68E96CA72C021BEA001D20E4;
			remoteInfo = AnupapPiyaapinant_CodingExam;
		};
/* End PBXContainerItemProxy section */

/* Begin PBXFileReference section */
		68E96CA82C021BEA001D20E4 /* AnupapPiyaapinant_CodingExam.app */ = {isa = PBXFileReference; explicitFileType = wrapper.application; includeInIndex = 0; path = AnupapPiyaapinant_CodingExam.app; sourceTree = BUILT_PRODUCTS_DIR; };
		68E96CAB2C021BEA001D20E4 /* AppDelegate.swift */ = {isa = PBXFileReference; lastKnownFileType = sourcecode.swift; path = AppDelegate.swift; sourceTree = "<group>"; };
		68E96CAD2C021BEA001D20E4 /* SceneDelegate.swift */ = {isa = PBXFileReference; lastKnownFileType = sourcecode.swift; path = SceneDelegate.swift; sourceTree = "<group>"; };
		68E96CB22C021BEA001D20E4 /* Base */ = {isa = PBXFileReference; lastKnownFileType = file.storyboard; name = Base; path = Base.lproj/Main.storyboard; sourceTree = "<group>"; };
		68E96CB42C021BED001D20E4 /* Assets.xcassets */ = {isa = PBXFileReference; lastKnownFileType = folder.assetcatalog; path = Assets.xcassets; sourceTree = "<group>"; };
		68E96CB72C021BED001D20E4 /* Base */ = {isa = PBXFileReference; lastKnownFileType = file.storyboard; name = Base; path = Base.lproj/LaunchScreen.storyboard; sourceTree = "<group>"; };
		68E96CB92C021BED001D20E4 /* Info.plist */ = {isa = PBXFileReference; lastKnownFileType = text.plist.xml; path = Info.plist; sourceTree = "<group>"; };
		68E96CBE2C021BED001D20E4 /* AnupapPiyaapinant_CodingExamTests.xctest */ = {isa = PBXFileReference; explicitFileType = wrapper.cfbundle; includeInIndex = 0; path = AnupapPiyaapinant_CodingExamTests.xctest; sourceTree = BUILT_PRODUCTS_DIR; };
		68E96CC22C021BED001D20E4 /* AnupapPiyaapinant_CodingExamTests.swift */ = {isa = PBXFileReference; lastKnownFileType = sourcecode.swift; path = AnupapPiyaapinant_CodingExamTests.swift; sourceTree = "<group>"; };
		68E96CE02C021E41001D20E4 /* BaseServiceModel.swift */ = {isa = PBXFileReference; lastKnownFileType = sourcecode.swift; path = BaseServiceModel.swift; sourceTree = "<group>"; };
		68E96CE22C021E54001D20E4 /* LoginServiceModel.swift */ = {isa = PBXFileReference; lastKnownFileType = sourcecode.swift; path = LoginServiceModel.swift; sourceTree = "<group>"; };
		68E96CE42C021E6B001D20E4 /* LoginService.swift */ = {isa = PBXFileReference; lastKnownFileType = sourcecode.swift; path = LoginService.swift; sourceTree = "<group>"; };
		68E96CE62C021E80001D20E4 /* MainViewController.swift */ = {isa = PBXFileReference; lastKnownFileType = sourcecode.swift; path = MainViewController.swift; sourceTree = "<group>"; };
		68E96CE82C021E95001D20E4 /* LoginViewModel.swift */ = {isa = PBXFileReference; lastKnownFileType = sourcecode.swift; path = LoginViewModel.swift; sourceTree = "<group>"; };
		68E96CEA2C021EB0001D20E4 /* LoginModel.swift */ = {isa = PBXFileReference; lastKnownFileType = sourcecode.swift; path = LoginModel.swift; sourceTree = "<group>"; };
		68E96CEC2C021EBF001D20E4 /* LoginViewController.swift */ = {isa = PBXFileReference; lastKnownFileType = sourcecode.swift; path = LoginViewController.swift; sourceTree = "<group>"; };
/* End PBXFileReference section */

/* Begin PBXFrameworksBuildPhase section */
		68E96CA52C021BEA001D20E4 /* Frameworks */ = {
			isa = PBXFrameworksBuildPhase;
			buildActionMask = 2147483647;
			files = (
			);
			runOnlyForDeploymentPostprocessing = 0;
		};
		68E96CBB2C021BED001D20E4 /* Frameworks */ = {
			isa = PBXFrameworksBuildPhase;
			buildActionMask = 2147483647;
			files = (
			);
			runOnlyForDeploymentPostprocessing = 0;
		};
/* End PBXFrameworksBuildPhase section */

/* Begin PBXGroup section */
		68E96C9F2C021BEA001D20E4 = {
			isa = PBXGroup;
			children = (
				68E96CAA2C021BEA001D20E4 /* AnupapPiyaapinant_CodingExam */,
				68E96CC12C021BED001D20E4 /* AnupapPiyaapinant_CodingExamTests */,
				68E96CA92C021BEA001D20E4 /* Products */,
			);
			sourceTree = "<group>";
		};
		68E96CA92C021BEA001D20E4 /* Products */ = {
			isa = PBXGroup;
			children = (
				68E96CA82C021BEA001D20E4 /* AnupapPiyaapinant_CodingExam.app */,
				68E96CBE2C021BED001D20E4 /* AnupapPiyaapinant_CodingExamTests.xctest */,
			);
			name = Products;
			sourceTree = "<group>";
		};
		68E96CAA2C021BEA001D20E4 /* AnupapPiyaapinant_CodingExam */ = {
			isa = PBXGroup;
			children = (
				68E96CDB2C021DF7001D20E4 /* Source */,
				68E96CAB2C021BEA001D20E4 /* AppDelegate.swift */,
				68E96CAD2C021BEA001D20E4 /* SceneDelegate.swift */,
				68E96CB12C021BEA001D20E4 /* Main.storyboard */,
				68E96CB42C021BED001D20E4 /* Assets.xcassets */,
				68E96CB62C021BED001D20E4 /* LaunchScreen.storyboard */,
				68E96CB92C021BED001D20E4 /* Info.plist */,
			);
			path = AnupapPiyaapinant_CodingExam;
			sourceTree = "<group>";
		};
		68E96CC12C021BED001D20E4 /* AnupapPiyaapinant_CodingExamTests */ = {
			isa = PBXGroup;
			children = (
				68E96CC22C021BED001D20E4 /* AnupapPiyaapinant_CodingExamTests.swift */,
			);
			path = AnupapPiyaapinant_CodingExamTests;
			sourceTree = "<group>";
		};
		68E96CDB2C021DF7001D20E4 /* Source */ = {
			isa = PBXGroup;
			children = (
				68E96CDE2C021E26001D20E4 /* Login */,
				68E96CDD2C021E14001D20E4 /* Main */,
				68E96CDC2C021E0A001D20E4 /* Service */,
			);
			path = Source;
			sourceTree = "<group>";
		};
		68E96CDC2C021E0A001D20E4 /* Service */ = {
			isa = PBXGroup;
			children = (
				68E96CDF2C021E32001D20E4 /* LoginService */,
			);
			path = Service;
			sourceTree = "<group>";
		};
		68E96CDD2C021E14001D20E4 /* Main */ = {
			isa = PBXGroup;
			children = (
				68E96CE62C021E80001D20E4 /* MainViewController.swift */,
			);
			path = Main;
			sourceTree = "<group>";
		};
		68E96CDE2C021E26001D20E4 /* Login */ = {
			isa = PBXGroup;
			children = (
				68E96CE82C021E95001D20E4 /* LoginViewModel.swift */,
				68E96CEA2C021EB0001D20E4 /* LoginModel.swift */,
				68E96CEC2C021EBF001D20E4 /* LoginViewController.swift */,
			);
			path = Login;
			sourceTree = "<group>";
		};
		68E96CDF2C021E32001D20E4 /* LoginService */ = {
			isa = PBXGroup;
			children = (
				68E96CE02C021E41001D20E4 /* BaseServiceModel.swift */,
				68E96CE22C021E54001D20E4 /* LoginServiceModel.swift */,
				68E96CE42C021E6B001D20E4 /* LoginService.swift */,
			);
			path = LoginService;
			sourceTree = "<group>";
		};
/* End PBXGroup section */

/* Begin PBXNativeTarget section */
		68E96CA72C021BEA001D20E4 /* AnupapPiyaapinant_CodingExam */ = {
			isa = PBXNativeTarget;
			buildConfigurationList = 68E96CD22C021BED001D20E4 /* Build configuration list for PBXNativeTarget "AnupapPiyaapinant_CodingExam" */;
			buildPhases = (
				68E96CA42C021BEA001D20E4 /* Sources */,
				68E96CA52C021BEA001D20E4 /* Frameworks */,
				68E96CA62C021BEA001D20E4 /* Resources */,
			);
			buildRules = (
			);
			dependencies = (
			);
			name = AnupapPiyaapinant_CodingExam;
			productName = AnupapPiyaapinant_CodingExam;
			productReference = 68E96CA82C021BEA001D20E4 /* AnupapPiyaapinant_CodingExam.app */;
			productType = "com.apple.product-type.application";
		};
		68E96CBD2C021BED001D20E4 /* AnupapPiyaapinant_CodingExamTests */ = {
			isa = PBXNativeTarget;
			buildConfigurationList = 68E96CD52C021BED001D20E4 /* Build configuration list for PBXNativeTarget "AnupapPiyaapinant_CodingExamTests" */;
			buildPhases = (
				68E96CBA2C021BED001D20E4 /* Sources */,
				68E96CBB2C021BED001D20E4 /* Frameworks */,
				68E96CBC2C021BED001D20E4 /* Resources */,
			);
			buildRules = (
			);
			dependencies = (
				68E96CC02C021BED001D20E4 /* PBXTargetDependency */,
			);
			name = AnupapPiyaapinant_CodingExamTests;
			productName = AnupapPiyaapinant_CodingExamTests;
			productReference = 68E96CBE2C021BED001D20E4 /* AnupapPiyaapinant_CodingExamTests.xctest */;
			productType = "com.apple.product-type.bundle.unit-test";
		};
/* End PBXNativeTarget section */

/* Begin PBXProject section */
		68E96CA02C021BEA001D20E4 /* Project object */ = {
			isa = PBXProject;
			attributes = {
				BuildIndependentTargetsInParallel = 1;
				LastSwiftUpdateCheck = 1520;
				LastUpgradeCheck = 1520;
				TargetAttributes = {
					68E96CA72C021BEA001D20E4 = {
						CreatedOnToolsVersion = 15.2;
					};
					68E96CBD2C021BED001D20E4 = {
						CreatedOnToolsVersion = 15.2;
						TestTargetID = 68E96CA72C021BEA001D20E4;
					};
				};
			};
			buildConfigurationList = 68E96CA32C021BEA001D20E4 /* Build configuration list for PBXProject "AnupapPiyaapinant_CodingExam" */;
			compatibilityVersion = "Xcode 14.0";
			developmentRegion = en;
			hasScannedForEncodings = 0;
			knownRegions = (
				en,
				Base,
			);
			mainGroup = 68E96C9F2C021BEA001D20E4;
			productRefGroup = 68E96CA92C021BEA001D20E4 /* Products */;
			projectDirPath = "";
			projectRoot = "";
			targets = (
				68E96CA72C021BEA001D20E4 /* AnupapPiyaapinant_CodingExam */,
				68E96CBD2C021BED001D20E4 /* AnupapPiyaapinant_CodingExamTests */,
			);
		};
/* End PBXProject section */

/* Begin PBXResourcesBuildPhase section */
		68E96CA62C021BEA001D20E4 /* Resources */ = {
			isa = PBXResourcesBuildPhase;
			buildActionMask = 2147483647;
			files = (
				68E96CB82C021BED001D20E4 /* LaunchScreen.storyboard in Resources */,
				68E96CB52C021BED001D20E4 /* Assets.xcassets in Resources */,
				68E96CB32C021BEA001D20E4 /* Main.storyboard in Resources */,
			);
			runOnlyForDeploymentPostprocessing = 0;
		};
		68E96CBC2C021BED001D20E4 /* Resources */ = {
			isa = PBXResourcesBuildPhase;
			buildActionMask = 2147483647;
			files = (
			);
			runOnlyForDeploymentPostprocessing = 0;
		};
/* End PBXResourcesBuildPhase section */

/* Begin PBXSourcesBuildPhase section */
		68E96CA42C021BEA001D20E4 /* Sources */ = {
			isa = PBXSourcesBuildPhase;
			buildActionMask = 2147483647;
			files = (
				68E96CED2C021EBF001D20E4 /* LoginViewController.swift in Sources */,
				68E96CAC2C021BEA001D20E4 /* AppDelegate.swift in Sources */,
				68E96CE32C021E54001D20E4 /* LoginServiceModel.swift in Sources */,
				68E96CE52C021E6B001D20E4 /* LoginService.swift in Sources */,
				68E96CAE2C021BEA001D20E4 /* SceneDelegate.swift in Sources */,
				68E96CEB2C021EB0001D20E4 /* LoginModel.swift in Sources */,
				68E96CE12C021E41001D20E4 /* BaseServiceModel.swift in Sources */,
				68E96CE92C021E95001D20E4 /* LoginViewModel.swift in Sources */,
				68E96CF62C022172001D20E4 /* MainViewController.swift in Sources */,
			);
			runOnlyForDeploymentPostprocessing = 0;
		};
		68E96CBA2C021BED001D20E4 /* Sources */ = {
			isa = PBXSourcesBuildPhase;
			buildActionMask = 2147483647;
			files = (
				68E96CC32C021BED001D20E4 /* AnupapPiyaapinant_CodingExamTests.swift in Sources */,
				68E96CEF2C02216A001D20E4 /* LoginModel.swift in Sources */,
				68E96CF42C02216A001D20E4 /* BaseServiceModel.swift in Sources */,
				68E96CF02C02216A001D20E4 /* LoginViewModel.swift in Sources */,
				68E96CF32C02216A001D20E4 /* LoginServiceModel.swift in Sources */,
				68E96CF12C02216A001D20E4 /* LoginService.swift in Sources */,
			);
			runOnlyForDeploymentPostprocessing = 0;
		};
/* End PBXSourcesBuildPhase section */

/* Begin PBXTargetDependency section */
		68E96CC02C021BED001D20E4 /* PBXTargetDependency */ = {
			isa = PBXTargetDependency;
			target = 68E96CA72C021BEA001D20E4 /* AnupapPiyaapinant_CodingExam */;
			targetProxy = 68E96CBF2C021BED001D20E4 /* PBXContainerItemProxy */;
		};
/* End PBXTargetDependency section */

/* Begin PBXVariantGroup section */
		68E96CB12C021BEA001D20E4 /* Main.storyboard */ = {
			isa = PBXVariantGroup;
			children = (
				68E96CB22C021BEA001D20E4 /* Base */,
			);
			name = Main.storyboard;
			sourceTree = "<group>";
		};
		68E96CB62C021BED001D20E4 /* LaunchScreen.storyboard */ = {
			isa = PBXVariantGroup;
			children = (
				68E96CB72C021BED001D20E4 /* Base */,
			);
			name = LaunchScreen.storyboard;
			sourceTree = "<group>";
		};
/* End PBXVariantGroup section */

/* Begin XCBuildConfiguration section */
		68E96CD02C021BED001D20E4 /* Debug */ = {
			isa = XCBuildConfiguration;
			buildSettings = {
				ALWAYS_SEARCH_USER_PATHS = NO;
				ASSETCATALOG_COMPILER_GENERATE_SWIFT_ASSET_SYMBOL_EXTENSIONS = YES;
				CLANG_ANALYZER_NONNULL = YES;
				CLANG_ANALYZER_NUMBER_OBJECT_CONVERSION = YES_AGGRESSIVE;
				CLANG_CXX_LANGUAGE_STANDARD = "gnu++20";
				CLANG_ENABLE_MODULES = YES;
				CLANG_ENABLE_OBJC_ARC = YES;
				CLANG_ENABLE_OBJC_WEAK = YES;
				CLANG_WARN_BLOCK_CAPTURE_AUTORELEASING = YES;
				CLANG_WARN_BOOL_CONVERSION = YES;
				CLANG_WARN_COMMA = YES;
				CLANG_WARN_CONSTANT_CONVERSION = YES;
				CLANG_WARN_DEPRECATED_OBJC_IMPLEMENTATIONS = YES;
				CLANG_WARN_DIRECT_OBJC_ISA_USAGE = YES_ERROR;
				CLANG_WARN_DOCUMENTATION_COMMENTS = YES;
				CLANG_WARN_EMPTY_BODY = YES;
				CLANG_WARN_ENUM_CONVERSION = YES;
				CLANG_WARN_INFINITE_RECURSION = YES;
				CLANG_WARN_INT_CONVERSION = YES;
				CLANG_WARN_NON_LITERAL_NULL_CONVERSION = YES;
				CLANG_WARN_OBJC_IMPLICIT_RETAIN_SELF = YES;
				CLANG_WARN_OBJC_LITERAL_CONVERSION = YES;
				CLANG_WARN_OBJC_ROOT_CLASS = YES_ERROR;
				CLANG_WARN_QUOTED_INCLUDE_IN_FRAMEWORK_HEADER = YES;
				CLANG_WARN_RANGE_LOOP_ANALYSIS = YES;
				CLANG_WARN_STRICT_PROTOTYPES = YES;
				CLANG_WARN_SUSPICIOUS_MOVE = YES;
				CLANG_WARN_UNGUARDED_AVAILABILITY = YES_AGGRESSIVE;
				CLANG_WARN_UNREACHABLE_CODE = YES;
				CLANG_WARN__DUPLICATE_METHOD_MATCH = YES;
				COPY_PHASE_STRIP = NO;
				DEBUG_INFORMATION_FORMAT = dwarf;
				ENABLE_STRICT_OBJC_MSGSEND = YES;
				ENABLE_TESTABILITY = YES;
				ENABLE_USER_SCRIPT_SANDBOXING = YES;
				GCC_C_LANGUAGE_STANDARD = gnu17;
				GCC_DYNAMIC_NO_PIC = NO;
				GCC_NO_COMMON_BLOCKS = YES;
				GCC_OPTIMIZATION_LEVEL = 0;
				GCC_PREPROCESSOR_DEFINITIONS = (
					"DEBUG=1",
					"$(inherited)",
				);
				GCC_WARN_64_TO_32_BIT_CONVERSION = YES;
				GCC_WARN_ABOUT_RETURN_TYPE = YES_ERROR;
				GCC_WARN_UNDECLARED_SELECTOR = YES;
				GCC_WARN_UNINITIALIZED_AUTOS = YES_AGGRESSIVE;
				GCC_WARN_UNUSED_FUNCTION = YES;
				GCC_WARN_UNUSED_VARIABLE = YES;
				IPHONEOS_DEPLOYMENT_TARGET = 17.2;
				LOCALIZATION_PREFERS_STRING_CATALOGS = YES;
				MTL_ENABLE_DEBUG_INFO = INCLUDE_SOURCE;
				MTL_FAST_MATH = YES;
				ONLY_ACTIVE_ARCH = YES;
				SDKROOT = iphoneos;
				SWIFT_ACTIVE_COMPILATION_CONDITIONS = "DEBUG $(inherited)";
				SWIFT_OPTIMIZATION_LEVEL = "-Onone";
			};
			name = Debug;
		};
		68E96CD12C021BED001D20E4 /* Release */ = {
			isa = XCBuildConfiguration;
			buildSettings = {
				ALWAYS_SEARCH_USER_PATHS = NO;
				ASSETCATALOG_COMPILER_GENERATE_SWIFT_ASSET_SYMBOL_EXTENSIONS = YES;
				CLANG_ANALYZER_NONNULL = YES;
				CLANG_ANALYZER_NUMBER_OBJECT_CONVERSION = YES_AGGRESSIVE;
				CLANG_CXX_LANGUAGE_STANDARD = "gnu++20";
				CLANG_ENABLE_MODULES = YES;
				CLANG_ENABLE_OBJC_ARC = YES;
				CLANG_ENABLE_OBJC_WEAK = YES;
				CLANG_WARN_BLOCK_CAPTURE_AUTORELEASING = YES;
				CLANG_WARN_BOOL_CONVERSION = YES;
				CLANG_WARN_COMMA = YES;
				CLANG_WARN_CONSTANT_CONVERSION = YES;
				CLANG_WARN_DEPRECATED_OBJC_IMPLEMENTATIONS = YES;
				CLANG_WARN_DIRECT_OBJC_ISA_USAGE = YES_ERROR;
				CLANG_WARN_DOCUMENTATION_COMMENTS = YES;
				CLANG_WARN_EMPTY_BODY = YES;
				CLANG_WARN_ENUM_CONVERSION = YES;
				CLANG_WARN_INFINITE_RECURSION = YES;
				CLANG_WARN_INT_CONVERSION = YES;
				CLANG_WARN_NON_LITERAL_NULL_CONVERSION = YES;
				CLANG_WARN_OBJC_IMPLICIT_RETAIN_SELF = YES;
				CLANG_WARN_OBJC_LITERAL_CONVERSION = YES;
				CLANG_WARN_OBJC_ROOT_CLASS = YES_ERROR;
				CLANG_WARN_QUOTED_INCLUDE_IN_FRAMEWORK_HEADER = YES;
				CLANG_WARN_RANGE_LOOP_ANALYSIS = YES;
				CLANG_WARN_STRICT_PROTOTYPES = YES;
				CLANG_WARN_SUSPICIOUS_MOVE = YES;
				CLANG_WARN_UNGUARDED_AVAILABILITY = YES_AGGRESSIVE;
				CLANG_WARN_UNREACHABLE_CODE = YES;
				CLANG_WARN__DUPLICATE_METHOD_MATCH = YES;
				COPY_PHASE_STRIP = NO;
				DEBUG_INFORMATION_FORMAT = "dwarf-with-dsym";
				ENABLE_NS_ASSERTIONS = NO;
				ENABLE_STRICT_OBJC_MSGSEND = YES;
				ENABLE_USER_SCRIPT_SANDBOXING = YES;
				GCC_C_LANGUAGE_STANDARD = gnu17;
				GCC_NO_COMMON_BLOCKS = YES;
				GCC_WARN_64_TO_32_BIT_CONVERSION = YES;
				GCC_WARN_ABOUT_RETURN_TYPE = YES_ERROR;
				GCC_WARN_UNDECLARED_SELECTOR = YES;
				GCC_WARN_UNINITIALIZED_AUTOS = YES_AGGRESSIVE;
				GCC_WARN_UNUSED_FUNCTION = YES;
				GCC_WARN_UNUSED_VARIABLE = YES;
				IPHONEOS_DEPLOYMENT_TARGET = 17.2;
				LOCALIZATION_PREFERS_STRING_CATALOGS = YES;
				MTL_ENABLE_DEBUG_INFO = NO;
				MTL_FAST_MATH = YES;
				SDKROOT = iphoneos;
				SWIFT_COMPILATION_MODE = wholemodule;
				VALIDATE_PRODUCT = YES;
			};
			name = Release;
		};
		68E96CD32C021BED001D20E4 /* Debug */ = {
			isa = XCBuildConfiguration;
			buildSettings = {
				ASSETCATALOG_COMPILER_APPICON_NAME = AppIcon;
				ASSETCATALOG_COMPILER_GLOBAL_ACCENT_COLOR_NAME = AccentColor;
				CODE_SIGN_STYLE = Automatic;
				CURRENT_PROJECT_VERSION = 1;
				DEVELOPMENT_TEAM = VSLX25HTCG;
				GENERATE_INFOPLIST_FILE = YES;
				INFOPLIST_FILE = AnupapPiyaapinant_CodingExam/Info.plist;
				INFOPLIST_KEY_UIApplicationSupportsIndirectInputEvents = YES;
				INFOPLIST_KEY_UILaunchStoryboardName = LaunchScreen;
				INFOPLIST_KEY_UIMainStoryboardFile = Main;
				INFOPLIST_KEY_UISupportedInterfaceOrientations_iPad = "UIInterfaceOrientationPortrait UIInterfaceOrientationPortraitUpsideDown UIInterfaceOrientationLandscapeLeft UIInterfaceOrientationLandscapeRight";
				INFOPLIST_KEY_UISupportedInterfaceOrientations_iPhone = "UIInterfaceOrientationPortrait UIInterfaceOrientationLandscapeLeft UIInterfaceOrientationLandscapeRight";
				LD_RUNPATH_SEARCH_PATHS = (
					"$(inherited)",
					"@executable_path/Frameworks",
				);
				MARKETING_VERSION = 1.0;
				PRODUCT_BUNDLE_IDENTIFIER = "com.ap.AnupapPiyaapinant-CodingExam";
				PRODUCT_NAME = "$(TARGET_NAME)";
				SWIFT_EMIT_LOC_STRINGS = YES;
				SWIFT_VERSION = 5.0;
				TARGETED_DEVICE_FAMILY = "1,2";
			};
			name = Debug;
		};
		68E96CD42C021BED001D20E4 /* Release */ = {
			isa = XCBuildConfiguration;
			buildSettings = {
				ASSETCATALOG_COMPILER_APPICON_NAME = AppIcon;
				ASSETCATALOG_COMPILER_GLOBAL_ACCENT_COLOR_NAME = AccentColor;
				CODE_SIGN_STYLE = Automatic;
				CURRENT_PROJECT_VERSION = 1;
				DEVELOPMENT_TEAM = VSLX25HTCG;
				GENERATE_INFOPLIST_FILE = YES;
				INFOPLIST_FILE = AnupapPiyaapinant_CodingExam/Info.plist;
				INFOPLIST_KEY_UIApplicationSupportsIndirectInputEvents = YES;
				INFOPLIST_KEY_UILaunchStoryboardName = LaunchScreen;
				INFOPLIST_KEY_UIMainStoryboardFile = Main;
				INFOPLIST_KEY_UISupportedInterfaceOrientations_iPad = "UIInterfaceOrientationPortrait UIInterfaceOrientationPortraitUpsideDown UIInterfaceOrientationLandscapeLeft UIInterfaceOrientationLandscapeRight";
				INFOPLIST_KEY_UISupportedInterfaceOrientations_iPhone = "UIInterfaceOrientationPortrait UIInterfaceOrientationLandscapeLeft UIInterfaceOrientationLandscapeRight";
				LD_RUNPATH_SEARCH_PATHS = (
					"$(inherited)",
					"@executable_path/Frameworks",
				);
				MARKETING_VERSION = 1.0;
				PRODUCT_BUNDLE_IDENTIFIER = "com.ap.AnupapPiyaapinant-CodingExam";
				PRODUCT_NAME = "$(TARGET_NAME)";
				SWIFT_EMIT_LOC_STRINGS = YES;
				SWIFT_VERSION = 5.0;
				TARGETED_DEVICE_FAMILY = "1,2";
			};
			name = Release;
		};
		68E96CD62C021BED001D20E4 /* Debug */ = {
			isa = XCBuildConfiguration;
			buildSettings = {
				ALWAYS_EMBED_SWIFT_STANDARD_LIBRARIES = YES;
				BUNDLE_LOADER = "$(TEST_HOST)";
				CODE_SIGN_STYLE = Automatic;
				CURRENT_PROJECT_VERSION = 1;
				DEVELOPMENT_TEAM = VSLX25HTCG;
				GENERATE_INFOPLIST_FILE = YES;
				IPHONEOS_DEPLOYMENT_TARGET = 17.2;
				MARKETING_VERSION = 1.0;
				PRODUCT_BUNDLE_IDENTIFIER = "com.ap.AnupapPiyaapinant-CodingExamTests";
				PRODUCT_NAME = "$(TARGET_NAME)";
				SWIFT_EMIT_LOC_STRINGS = NO;
				SWIFT_VERSION = 5.0;
				TARGETED_DEVICE_FAMILY = "1,2";
				TEST_HOST = "$(BUILT_PRODUCTS_DIR)/AnupapPiyaapinant_CodingExam.app/$(BUNDLE_EXECUTABLE_FOLDER_PATH)/AnupapPiyaapinant_CodingExam";
			};
			name = Debug;
		};
		68E96CD72C021BED001D20E4 /* Release */ = {
			isa = XCBuildConfiguration;
			buildSettings = {
				ALWAYS_EMBED_SWIFT_STANDARD_LIBRARIES = YES;
				BUNDLE_LOADER = "$(TEST_HOST)";
				CODE_SIGN_STYLE = Automatic;
				CURRENT_PROJECT_VERSION = 1;
				DEVELOPMENT_TEAM = VSLX25HTCG;
				GENERATE_INFOPLIST_FILE = YES;
				IPHONEOS_DEPLOYMENT_TARGET = 17.2;
				MARKETING_VERSION = 1.0;
				PRODUCT_BUNDLE_IDENTIFIER = "com.ap.AnupapPiyaapinant-CodingExamTests";
				PRODUCT_NAME = "$(TARGET_NAME)";
				SWIFT_EMIT_LOC_STRINGS = NO;
				SWIFT_VERSION = 5.0;
				TARGETED_DEVICE_FAMILY = "1,2";
				TEST_HOST = "$(BUILT_PRODUCTS_DIR)/AnupapPiyaapinant_CodingExam.app/$(BUNDLE_EXECUTABLE_FOLDER_PATH)/AnupapPiyaapinant_CodingExam";
			};
			name = Release;
		};
/* End XCBuildConfiguration section */

/* Begin XCConfigurationList section */
		68E96CA32C021BEA001D20E4 /* Build configuration list for PBXProject "AnupapPiyaapinant_CodingExam" */ = {
			isa = XCConfigurationList;
			buildConfigurations = (
				68E96CD02C021BED001D20E4 /* Debug */,
				68E96CD12C021BED001D20E4 /* Release */,
			);
			defaultConfigurationIsVisible = 0;
			defaultConfigurationName = Release;
		};
		68E96CD22C021BED001D20E4 /* Build configuration list for PBXNativeTarget "AnupapPiyaapinant_CodingExam" */ = {
			isa = XCConfigurationList;
			buildConfigurations = (
				68E96CD32C021BED001D20E4 /* Debug */,
				68E96CD42C021BED001D20E4 /* Release */,
			);
			defaultConfigurationIsVisible = 0;
			defaultConfigurationName = Release;
		};
		68E96CD52C021BED001D20E4 /* Build configuration list for PBXNativeTarget "AnupapPiyaapinant_CodingExamTests" */ = {
			isa = XCConfigurationList;
			buildConfigurations = (
				68E96CD62C021BED001D20E4 /* Debug */,
				68E96CD72C021BED001D20E4 /* Release */,
			);
			defaultConfigurationIsVisible = 0;
			defaultConfigurationName = Release;
		};
/* End XCConfigurationList section */
	};
	rootObject = 68E96CA02C021BEA001D20E4 /* Project object */;
}
